
Microsoft Visual Studio Solution File, Format Version 12.00
# Visual Studio 14
VisualStudioVersion = 14.0.24720.0
MinimumVisualStudioVersion = 10.0.40219.1
Project("{FAE04EC0-301F-11D3-BF4B-00C04F79EFBC}") = "GRTest.CLI", "GRTest.CLI\GRTest.CLI.csproj", "{7CAA39C1-01F8-46E4-BAF4-E57678C9D2C7}"
EndProject
Project("{FAE04EC0-301F-11D3-BF4B-00C04F79EFBC}") = "GRTest.Services", "GRTest.Services\GRTest.Services.csproj", "{15A455CF-6269-402F-AD7C-A613BC836167}"
EndProject
Project("{FAE04EC0-301F-11D3-BF4B-00C04F79EFBC}") = "GRTest.API", "GRTest.API\GRTest.API.csproj", "{223AFC10-B08B-4C59-9E9E-8EBC493AD9EB}"
EndProject
Project("{FAE04EC0-301F-11D3-BF4B-00C04F79EFBC}") = "GRTest.Data", "GRTest.Data\GRTest.Data.csproj", "{233DC4F5-523B-45F0-AF2F-87F49B37ADA8}"
EndProject
Project("{FAE04EC0-301F-11D3-BF4B-00C04F79EFBC}") = "GRTest.UnitTests", "GRTest.UnitTests\GRTest.UnitTests.csproj", "{D59F58DA-F145-44D2-9C5A-22FF8D90E606}"
EndProject
Global
	GlobalSection(SolutionConfigurationPlatforms) = preSolution
		Debug|Any CPU = Debug|Any CPU
		Release|Any CPU = Release|Any CPU
	EndGlobalSection
	GlobalSection(ProjectConfigurationPlatforms) = postSolution
		{7CAA39C1-01F8-46E4-BAF4-E57678C9D2C7}.Debug|Any CPU.ActiveCfg = Debug|Any CPU
		{7CAA39C1-01F8-46E4-BAF4-E57678C9D2C7}.Debug|Any CPU.Build.0 = Debug|Any CPU
		{7CAA39C1-01F8-46E4-BAF4-E57678C9D2C7}.Release|Any CPU.ActiveCfg = Release|Any CPU
		{7CAA39C1-01F8-46E4-BAF4-E57678C9D2C7}.Release|Any CPU.Build.0 = Release|Any CPU
		{15A455CF-6269-402F-AD7C-A613BC836167}.Debug|Any CPU.ActiveCfg = Debug|Any CPU
		{15A455CF-6269-402F-AD7C-A613BC836167}.Debug|Any CPU.Build.0 = Debug|Any CPU
		{15A455CF-6269-402F-AD7C-A613BC836167}.Release|Any CPU.ActiveCfg = Release|Any CPU
		{15A455CF-6269-402F-AD7C-A613BC836167}.Release|Any CPU.Build.0 = Release|Any CPU
		{223AFC10-B08B-4C59-9E9E-8EBC493AD9EB}.Debug|Any CPU.ActiveCfg = Debug|Any CPU
		{223AFC10-B08B-4C59-9E9E-8EBC493AD9EB}.Debug|Any CPU.Build.0 = Debug|Any CPU
		{223AFC10-B08B-4C59-9E9E-8EBC493AD9EB}.Release|Any CPU.ActiveCfg = Release|Any CPU
		{223AFC10-B08B-4C59-9E9E-8EBC493AD9EB}.Release|Any CPU.Build.0 = Release|Any CPU
		{233DC4F5-523B-45F0-AF2F-87F49B37ADA8}.Debug|Any CPU.ActiveCfg = Debug|Any CPU
		{233DC4F5-523B-45F0-AF2F-87F49B37ADA8}.Debug|Any CPU.Build.0 = Debug|Any CPU
		{233DC4F5-523B-45F0-AF2F-87F49B37ADA8}.Release|Any CPU.ActiveCfg = Release|Any CPU
		{233DC4F5-523B-45F0-AF2F-87F49B37ADA8}.Release|Any CPU.Build.0 = Release|Any CPU
		{D59F58DA-F145-44D2-9C5A-22FF8D90E606}.Debug|Any CPU.ActiveCfg = Debug|Any CPU
		{D59F58DA-F145-44D2-9C5A-22FF8D90E606}.Debug|Any CPU.Build.0 = Debug|Any CPU
		{D59F58DA-F145-44D2-9C5A-22FF8D90E606}.Release|Any CPU.ActiveCfg = Release|Any CPU
		{D59F58DA-F145-44D2-9C5A-22FF8D90E606}.Release|Any CPU.Build.0 = Release|Any CPU
	EndGlobalSection
	GlobalSection(SolutionProperties) = preSolution
		HideSolutionNode = FALSE
	EndGlobalSection
EndGlobal
